{
  "name": "embeddable-interpreters",
  "version": "1.0.0",
  "lockfileVersion": 1,
  "requires": true,
  "dependencies": {
    "typescript": {
      "version": "2.7.0-dev.20171201",
      "resolved": "https://registry.npmjs.org/typescript/-/typescript-2.7.0-dev.20171201.tgz",
      "integrity": "sha512-v1Oy3pGRIsscRRoQpkqiYsVGBrf6RBoG3AzSKocKGfedxv0WPrCvxKApl9LPg4mBgLo7IEzF32E2Q+X+U15O3A=="
    }
  }
}
